
Microsoft Visual Studio Solution File, Format Version 12.00
Project("{FAE04EC0-301F-11D3-BF4B-00C04F79EFBC}") = "LibreriaWeb", "LibreriaWeb\LibreriaWeb.csproj", "{977048D4-5A8A-40EB-B8C8-6F3662A9025D}"
EndProject
Global
	GlobalSection(SolutionConfigurationPlatforms) = preSolution
		Debug|Any CPU = Debug|Any CPU
		Release|Any CPU = Release|Any CPU
	EndGlobalSection
	GlobalSection(ProjectConfigurationPlatforms) = postSolution
		{977048D4-5A8A-40EB-B8C8-6F3662A9025D}.Debug|Any CPU.ActiveCfg = Debug|Any CPU
		{977048D4-5A8A-40EB-B8C8-6F3662A9025D}.Debug|Any CPU.Build.0 = Debug|Any CPU
		{977048D4-5A8A-40EB-B8C8-6F3662A9025D}.Release|Any CPU.ActiveCfg = Release|Any CPU
		{977048D4-5A8A-40EB-B8C8-6F3662A9025D}.Release|Any CPU.Build.0 = Release|Any CPU
	EndGlobalSection
EndGlobal
